
Microsoft Visual Studio Solution File, Format Version 12.00
# Visual Studio Version 17
VisualStudioVersion = 17.0.31903.59
MinimumVisualStudioVersion = 10.0.40219.1
Project("{2150E333-8FDC-42A3-9474-1A3956D46DE8}") = "src", "src", "{8BC9CEB8-8B4A-11D0-8D11-00A0C91BC942}"
EndProject
Project("{FAE04EC0-301F-11D3-BF4B-00C04F79EFBC}") = "Geometry.Application", "src\Geometry.Application\Geometry.Application.csproj", "{BD5EE06F-5C38-4E75-AD3B-E89D9BF7D471}"
EndProject
Project("{FAE04EC0-301F-11D3-BF4B-00C04F79EFBC}") = "Geometry.Domain", "src\Geometry.Domain\Geometry.Domain.csproj", "{2CDC6144-80D3-47F6-A6B2-A089CB9EB070}"
EndProject
Project("{FAE04EC0-301F-11D3-BF4B-00C04F79EFBC}") = "Geometry.Infrastructure", "src\Geometry.Infrastructure\Geometry.Infrastructure.csproj", "{0B491052-E475-4ADC-9B56-6F27F8299C58}"
EndProject
Project("{2150E333-8FDC-42A3-9474-1A3956D46DE8}") = "Geometry.Presentation", "Geometry.Presentation", "{3BCF7D4A-2388-A5C3-5895-81998646A9F9}"
EndProject
Project("{FAE04EC0-301F-11D3-BF4B-00C04F79EFBC}") = "CubeApi", "src\Geometry.Presentation\CubeApi\CubeApi.csproj", "{91D0FF50-A551-4BD1-9464-CEBCBDE780E8}"
EndProject
Project("{2150E333-8FDC-42A3-9474-1A3956D46DE8}") = "test", "test", "{A2FE74E1-B743-11D0-AE1A-00A0C90FFFC3}"
EndProject
Project("{FAE04EC0-301F-11D3-BF4B-00C04F79EFBC}") = "Geometry.Application.Tests", "test\Geometry.Application.Tests\Geometry.Application.Tests.csproj", "{A1B2C3D4-E5F6-4A5B-8C9D-0E1F2A3B4C5D}"
EndProject
Project("{FAE04EC0-301F-11D3-BF4B-00C04F79EFBC}") = "Geometry.Domain.Tests", "test\Geometry.Domain.Tests\Geometry.Domain.Tests.csproj", "{B2C3D4E5-F6A7-5B6C-9D0E-1F2A3B4C5D6E}"
EndProject
Project("{FAE04EC0-301F-11D3-BF4B-00C04F79EFBC}") = "Geometry.Infrastructure.Tests", "test\Geometry.Infrastructure.Tests\Geometry.Infrastructure.Tests.csproj", "{C3D4E5F6-A7B8-6C7D-0E1F-2A3B4C5D6E7F}"
EndProject
Global
	GlobalSection(SolutionConfigurationPlatforms) = preSolution
		Debug|Any CPU = Debug|Any CPU
		Debug|x64 = Debug|x64
		Debug|x86 = Debug|x86
		Release|Any CPU = Release|Any CPU
		Release|x64 = Release|x64
		Release|x86 = Release|x86
	EndGlobalSection
	GlobalSection(ProjectConfigurationPlatforms) = postSolution
		{BD5EE06F-5C38-4E75-AD3B-E89D9BF7D471}.Debug|Any CPU.ActiveCfg = Debug|Any CPU
		{BD5EE06F-5C38-4E75-AD3B-E89D9BF7D471}.Debug|Any CPU.Build.0 = Debug|Any CPU
		{BD5EE06F-5C38-4E75-AD3B-E89D9BF7D471}.Debug|x64.ActiveCfg = Debug|Any CPU
		{BD5EE06F-5C38-4E75-AD3B-E89D9BF7D471}.Debug|x64.Build.0 = Debug|Any CPU
		{BD5EE06F-5C38-4E75-AD3B-E89D9BF7D471}.Debug|x86.ActiveCfg = Debug|Any CPU
		{BD5EE06F-5C38-4E75-AD3B-E89D9BF7D471}.Debug|x86.Build.0 = Debug|Any CPU
		{BD5EE06F-5C38-4E75-AD3B-E89D9BF7D471}.Release|Any CPU.ActiveCfg = Release|Any CPU
		{BD5EE06F-5C38-4E75-AD3B-E89D9BF7D471}.Release|Any CPU.Build.0 = Release|Any CPU
		{BD5EE06F-5C38-4E75-AD3B-E89D9BF7D471}.Release|x64.ActiveCfg = Release|Any CPU
		{BD5EE06F-5C38-4E75-AD3B-E89D9BF7D471}.Release|x64.Build.0 = Release|Any CPU
		{BD5EE06F-5C38-4E75-AD3B-E89D9BF7D471}.Release|x86.ActiveCfg = Release|Any CPU
		{BD5EE06F-5C38-4E75-AD3B-E89D9BF7D471}.Release|x86.Build.0 = Release|Any CPU
		{2CDC6144-80D3-47F6-A6B2-A089CB9EB070}.Debug|Any CPU.ActiveCfg = Debug|Any CPU
		{2CDC6144-80D3-47F6-A6B2-A089CB9EB070}.Debug|Any CPU.Build.0 = Debug|Any CPU
		{2CDC6144-80D3-47F6-A6B2-A089CB9EB070}.Debug|x64.ActiveCfg = Debug|Any CPU
		{2CDC6144-80D3-47F6-A6B2-A089CB9EB070}.Debug|x64.Build.0 = Debug|Any CPU
		{2CDC6144-80D3-47F6-A6B2-A089CB9EB070}.Debug|x86.ActiveCfg = Debug|Any CPU
		{2CDC6144-80D3-47F6-A6B2-A089CB9EB070}.Debug|x86.Build.0 = Debug|Any CPU
		{2CDC6144-80D3-47F6-A6B2-A089CB9EB070}.Release|Any CPU.ActiveCfg = Release|Any CPU
		{2CDC6144-80D3-47F6-A6B2-A089CB9EB070}.Release|Any CPU.Build.0 = Release|Any CPU
		{2CDC6144-80D3-47F6-A6B2-A089CB9EB070}.Release|x64.ActiveCfg = Release|Any CPU
		{2CDC6144-80D3-47F6-A6B2-A089CB9EB070}.Release|x64.Build.0 = Release|Any CPU
		{2CDC6144-80D3-47F6-A6B2-A089CB9EB070}.Release|x86.ActiveCfg = Release|Any CPU
		{2CDC6144-80D3-47F6-A6B2-A089CB9EB070}.Release|x86.Build.0 = Release|Any CPU
		{0B491052-E475-4ADC-9B56-6F27F8299C58}.Debug|Any CPU.ActiveCfg = Debug|Any CPU
		{0B491052-E475-4ADC-9B56-6F27F8299C58}.Debug|Any CPU.Build.0 = Debug|Any CPU
		{0B491052-E475-4ADC-9B56-6F27F8299C58}.Debug|x64.ActiveCfg = Debug|Any CPU
		{0B491052-E475-4ADC-9B56-6F27F8299C58}.Debug|x64.Build.0 = Debug|Any CPU
		{0B491052-E475-4ADC-9B56-6F27F8299C58}.Debug|x86.ActiveCfg = Debug|Any CPU
		{0B491052-E475-4ADC-9B56-6F27F8299C58}.Debug|x86.Build.0 = Debug|Any CPU
		{0B491052-E475-4ADC-9B56-6F27F8299C58}.Release|Any CPU.ActiveCfg = Release|Any CPU
		{0B491052-E475-4ADC-9B56-6F27F8299C58}.Release|Any CPU.Build.0 = Release|Any CPU
		{0B491052-E475-4ADC-9B56-6F27F8299C58}.Release|x64.ActiveCfg = Release|Any CPU
		{0B491052-E475-4ADC-9B56-6F27F8299C58}.Release|x64.Build.0 = Release|Any CPU
		{0B491052-E475-4ADC-9B56-6F27F8299C58}.Release|x86.ActiveCfg = Release|Any CPU
		{0B491052-E475-4ADC-9B56-6F27F8299C58}.Release|x86.Build.0 = Release|Any CPU
		{91D0FF50-A551-4BD1-9464-CEBCBDE780E8}.Debug|Any CPU.ActiveCfg = Debug|Any CPU
		{91D0FF50-A551-4BD1-9464-CEBCBDE780E8}.Debug|Any CPU.Build.0 = Debug|Any CPU
		{91D0FF50-A551-4BD1-9464-CEBCBDE780E8}.Debug|x64.ActiveCfg = Debug|Any CPU
		{91D0FF50-A551-4BD1-9464-CEBCBDE780E8}.Debug|x64.Build.0 = Debug|Any CPU
		{91D0FF50-A551-4BD1-9464-CEBCBDE780E8}.Debug|x86.ActiveCfg = Debug|Any CPU
		{91D0FF50-A551-4BD1-9464-CEBCBDE780E8}.Debug|x86.Build.0 = Debug|Any CPU
		{91D0FF50-A551-4BD1-9464-CEBCBDE780E8}.Release|Any CPU.ActiveCfg = Release|Any CPU
		{91D0FF50-A551-4BD1-9464-CEBCBDE780E8}.Release|Any CPU.Build.0 = Release|Any CPU
		{91D0FF50-A551-4BD1-9464-CEBCBDE780E8}.Release|x64.ActiveCfg = Release|Any CPU
		{91D0FF50-A551-4BD1-9464-CEBCBDE780E8}.Release|x64.Build.0 = Release|Any CPU
		{91D0FF50-A551-4BD1-9464-CEBCBDE780E8}.Release|x86.ActiveCfg = Release|Any CPU
		{91D0FF50-A551-4BD1-9464-CEBCBDE780E8}.Release|x86.Build.0 = Release|Any CPU
		{A1B2C3D4-E5F6-4A5B-8C9D-0E1F2A3B4C5D}.Debug|Any CPU.ActiveCfg = Debug|Any CPU
		{A1B2C3D4-E5F6-4A5B-8C9D-0E1F2A3B4C5D}.Debug|Any CPU.Build.0 = Debug|Any CPU
		{A1B2C3D4-E5F6-4A5B-8C9D-0E1F2A3B4C5D}.Debug|x64.ActiveCfg = Debug|Any CPU
		{A1B2C3D4-E5F6-4A5B-8C9D-0E1F2A3B4C5D}.Debug|x64.Build.0 = Debug|Any CPU
		{A1B2C3D4-E5F6-4A5B-8C9D-0E1F2A3B4C5D}.Debug|x86.ActiveCfg = Debug|Any CPU
		{A1B2C3D4-E5F6-4A5B-8C9D-0E1F2A3B4C5D}.Debug|x86.Build.0 = Debug|Any CPU
		{A1B2C3D4-E5F6-4A5B-8C9D-0E1F2A3B4C5D}.Release|Any CPU.ActiveCfg = Release|Any CPU
		{A1B2C3D4-E5F6-4A5B-8C9D-0E1F2A3B4C5D}.Release|Any CPU.Build.0 = Release|Any CPU
		{A1B2C3D4-E5F6-4A5B-8C9D-0E1F2A3B4C5D}.Release|x64.ActiveCfg = Release|Any CPU
		{A1B2C3D4-E5F6-4A5B-8C9D-0E1F2A3B4C5D}.Release|x64.Build.0 = Release|Any CPU
		{A1B2C3D4-E5F6-4A5B-8C9D-0E1F2A3B4C5D}.Release|x86.ActiveCfg = Release|Any CPU
		{A1B2C3D4-E5F6-4A5B-8C9D-0E1F2A3B4C5D}.Release|x86.Build.0 = Release|Any CPU
		{B2C3D4E5-F6A7-5B6C-9D0E-1F2A3B4C5D6E}.Debug|Any CPU.ActiveCfg = Debug|Any CPU
		{B2C3D4E5-F6A7-5B6C-9D0E-1F2A3B4C5D6E}.Debug|Any CPU.Build.0 = Debug|Any CPU
		{B2C3D4E5-F6A7-5B6C-9D0E-1F2A3B4C5D6E}.Debug|x64.ActiveCfg = Debug|Any CPU
		{B2C3D4E5-F6A7-5B6C-9D0E-1F2A3B4C5D6E}.Debug|x64.Build.0 = Debug|Any CPU
		{B2C3D4E5-F6A7-5B6C-9D0E-1F2A3B4C5D6E}.Debug|x86.ActiveCfg = Debug|Any CPU
		{B2C3D4E5-F6A7-5B6C-9D0E-1F2A3B4C5D6E}.Debug|x86.Build.0 = Debug|Any CPU
		{B2C3D4E5-F6A7-5B6C-9D0E-1F2A3B4C5D6E}.Release|Any CPU.ActiveCfg = Release|Any CPU
		{B2C3D4E5-F6A7-5B6C-9D0E-1F2A3B4C5D6E}.Release|Any CPU.Build.0 = Release|Any CPU
		{B2C3D4E5-F6A7-5B6C-9D0E-1F2A3B4C5D6E}.Release|x64.ActiveCfg = Release|Any CPU
		{B2C3D4E5-F6A7-5B6C-9D0E-1F2A3B4C5D6E}.Release|x64.Build.0 = Release|Any CPU
		{B2C3D4E5-F6A7-5B6C-9D0E-1F2A3B4C5D6E}.Release|x86.ActiveCfg = Release|Any CPU
		{B2C3D4E5-F6A7-5B6C-9D0E-1F2A3B4C5D6E}.Release|x86.Build.0 = Release|Any CPU
		{C3D4E5F6-A7B8-6C7D-0E1F-2A3B4C5D6E7F}.Debug|Any CPU.ActiveCfg = Debug|Any CPU
		{C3D4E5F6-A7B8-6C7D-0E1F-2A3B4C5D6E7F}.Debug|Any CPU.Build.0 = Debug|Any CPU
		{C3D4E5F6-A7B8-6C7D-0E1F-2A3B4C5D6E7F}.Debug|x64.ActiveCfg = Debug|Any CPU
		{C3D4E5F6-A7B8-6C7D-0E1F-2A3B4C5D6E7F}.Debug|x64.Build.0 = Debug|Any CPU
		{C3D4E5F6-A7B8-6C7D-0E1F-2A3B4C5D6E7F}.Debug|x86.ActiveCfg = Debug|Any CPU
		{C3D4E5F6-A7B8-6C7D-0E1F-2A3B4C5D6E7F}.Debug|x86.Build.0 = Debug|Any CPU
		{C3D4E5F6-A7B8-6C7D-0E1F-2A3B4C5D6E7F}.Release|Any CPU.ActiveCfg = Release|Any CPU
		{C3D4E5F6-A7B8-6C7D-0E1F-2A3B4C5D6E7F}.Release|Any CPU.Build.0 = Release|Any CPU
		{C3D4E5F6-A7B8-6C7D-0E1F-2A3B4C5D6E7F}.Release|x64.ActiveCfg = Release|Any CPU
		{C3D4E5F6-A7B8-6C7D-0E1F-2A3B4C5D6E7F}.Release|x64.Build.0 = Release|Any CPU
		{C3D4E5F6-A7B8-6C7D-0E1F-2A3B4C5D6E7F}.Release|x86.ActiveCfg = Release|Any CPU
		{C3D4E5F6-A7B8-6C7D-0E1F-2A3B4C5D6E7F}.Release|x86.Build.0 = Release|Any CPU
	EndGlobalSection
	GlobalSection(SolutionProperties) = preSolution
		HideSolutionNode = FALSE
	EndGlobalSection
	GlobalSection(NestedProjects) = preSolution
		{BD5EE06F-5C38-4E75-AD3B-E89D9BF7D471} = {8BC9CEB8-8B4A-11D0-8D11-00A0C91BC942}
		{2CDC6144-80D3-47F6-A6B2-A089CB9EB070} = {8BC9CEB8-8B4A-11D0-8D11-00A0C91BC942}
		{0B491052-E475-4ADC-9B56-6F27F8299C58} = {8BC9CEB8-8B4A-11D0-8D11-00A0C91BC942}
		{3BCF7D4A-2388-A5C3-5895-81998646A9F9} = {8BC9CEB8-8B4A-11D0-8D11-00A0C91BC942}
		{91D0FF50-A551-4BD1-9464-CEBCBDE780E8} = {3BCF7D4A-2388-A5C3-5895-81998646A9F9}
		{A1B2C3D4-E5F6-4A5B-8C9D-0E1F2A3B4C5D} = {A2FE74E1-B743-11D0-AE1A-00A0C90FFFC3}
		{B2C3D4E5-F6A7-5B6C-9D0E-1F2A3B4C5D6E} = {A2FE74E1-B743-11D0-AE1A-00A0C90FFFC3}
		{C3D4E5F6-A7B8-6C7D-0E1F-2A3B4C5D6E7F} = {A2FE74E1-B743-11D0-AE1A-00A0C90FFFC3}
	EndGlobalSection
EndGlobal
